
Microsoft Visual Studio Solution File, Format Version 12.00
# Visual Studio Version 16
VisualStudioVersion = 16.0.29102.190
MinimumVisualStudioVersion = 10.0.40219.1
Project("{FAE04EC0-301F-11D3-BF4B-00C04F79EFBC}") = "Rgr", "Rgr\Rgr.csproj", "{EC9E1C80-E4D1-4417-8B2F-06511C8D6C8F}"
EndProject
Global
	GlobalSection(SolutionConfigurationPlatforms) = preSolution
		Debug|Any CPU = Debug|Any CPU
		Release|Any CPU = Release|Any CPU
	EndGlobalSection
	GlobalSection(ProjectConfigurationPlatforms) = postSolution
		{EC9E1C80-E4D1-4417-8B2F-06511C8D6C8F}.Debug|Any CPU.ActiveCfg = Debug|Any CPU
		{EC9E1C80-E4D1-4417-8B2F-06511C8D6C8F}.Debug|Any CPU.Build.0 = Debug|Any CPU
		{EC9E1C80-E4D1-4417-8B2F-06511C8D6C8F}.Release|Any CPU.ActiveCfg = Release|Any CPU
		{EC9E1C80-E4D1-4417-8B2F-06511C8D6C8F}.Release|Any CPU.Build.0 = Release|Any CPU
	EndGlobalSection
	GlobalSection(SolutionProperties) = preSolution
		HideSolutionNode = FALSE
	EndGlobalSection
	GlobalSection(ExtensibilityGlobals) = postSolution
		SolutionGuid = {28F48635-C1C0-4C0D-A8BC-333C1EBB6F51}
	EndGlobalSection
EndGlobal
